Microsoft Visual Studio Solution File, Format Version 12.00
# Visual Studio Version 17
VisualStudioVersion = 17.0.31717.71
MinimumVisualStudioVersion = 10.0.40219.1
Project("{9A19103F-16F7-4668-BE54-9A1E7A4F7556}") = "Data", "Server\Data\Data\Data.csproj", "{E7C48C5E-D2D8-4F52-B0BD-EF39750497E2}"
EndProject
Project("{9A19103F-16F7-4668-BE54-9A1E7A4F7556}") = "Business", "Server\Business\Business\Business.csproj", "{B32973D0-D307-4D3B-B5BB-A02F95FA426F}"
EndProject
Project("{9A19103F-16F7-4668-BE54-9A1E7A4F7556}") = "Protocol", "Client_Server\Protocol\Protocol.csproj", "{FCDB3835-4229-4A5E-A6BB-ED59DCAB022C}"
EndProject
Project("{9A19103F-16F7-4668-BE54-9A1E7A4F7556}") = "Protocol.Json", "Client_Server\Protocol.Json\Protocol.Json.csproj", "{AEC387A0-CA73-478B-8F84-61E3D559EB4D}"
EndProject
Project("{9A19103F-16F7-4668-BE54-9A1E7A4F7556}") = "Client.Communication.Grpc", "Client\Client.Communication.Grpc\Client.Communication.Grpc.csproj", "{D2ED7B91-C5FB-4372-8A6A-118490D1F273}"
EndProject
Project("{9A19103F-16F7-4668-BE54-9A1E7A4F7556}") = "Client.Communication.Json", "Client\Client.Communication.Json\Client.Communication.Json.csproj", "{B1A2CA30-E3D9-4743-9584-4764C56D53F7}"
EndProject
Project("{2150E333-8FDC-42A3-9474-1A3956D46DE8}") = "Client", "Client", "{9C700F9C-B44E-4C19-8457-BDE79158C624}"
EndProject
Project("{2150E333-8FDC-42A3-9474-1A3956D46DE8}") = "Protocol", "Protocol", "{EB547B54-744F-48CE-AF9C-32757C8EB203}"
EndProject
Project("{2150E333-8FDC-42A3-9474-1A3956D46DE8}") = "Server", "Server", "{4B973E02-745E-4CBF-91CD-1FA9610A4474}"
EndProject
Project("{9A19103F-16F7-4668-BE54-9A1E7A4F7556}") = "Client.Communication", "Client\Client.Communication\Client.Communication.csproj", "{E3B78437-A045-4581-B440-4F32126166AC}"
EndProject
Project("{2150E333-8FDC-42A3-9474-1A3956D46DE8}") = "Utilities", "Utilities", "{03E0C4CF-972D-4920-8F20-4DF64DEC64DC}"
EndProject
Project("{9A19103F-16F7-4668-BE54-9A1E7A4F7556}") = "Client.Web.View", "Client\Client.Web.View\Client.Web.View.csproj", "{1C675494-A692-4CF4-BF4C-F034F19ADF5C}"
EndProject
Project("{9A19103F-16F7-4668-BE54-9A1E7A4F7556}") = "Client.Web.Application", "Client\Client.Web.Application\Client.Web.Application.csproj", "{530BF796-85EE-4014-B459-BD8BA8BF5292}"
EndProject
Project("{9A19103F-16F7-4668-BE54-9A1E7A4F7556}") = "MudBlazorClient", "Client\MudBlazorClient\MudBlazorClient.csproj", "{D294E172-B888-48BD-A247-83441A98CEBD}"
EndProject
Project("{2150E333-8FDC-42A3-9474-1A3956D46DE8}") = "Communication", "Communication", "{A8E9A4B6-0939-4D05-8D39-C90956851DFA}"
EndProject
Project("{9A19103F-16F7-4668-BE54-9A1E7A4F7556}") = "MudBlazorClientVisualTests", "Client\MudBlazorClientVisualTests\MudBlazorClientVisualTests.csproj", "{28C2577A-3745-47B2-9E20-A133B6BDA766}"
EndProject
Project("{9A19103F-16F7-4668-BE54-9A1E7A4F7556}") = "Common", "Client_Server\Common\Common.csproj", "{C6EFA49D-C1A6-4837-8FC9-2AC9B372604B}"
EndProject
Project("{9A19103F-16F7-4668-BE54-9A1E7A4F7556}") = "Client.Communication.ServerEmbedded", "Client\Client.Communication.ServerEmbedded\Client.Communication.ServerEmbedded.csproj", "{84BD5E82-B35C-470D-B5E9-94419280EB05}"
EndProject
Project("{9A19103F-16F7-4668-BE54-9A1E7A4F7556}") = "Protocol.Messages", "Client_Server\Protocol.Messages\Protocol.Messages.csproj", "{C78577CE-971B-4327-BD98-775023509976}"
EndProject
Project("{9A19103F-16F7-4668-BE54-9A1E7A4F7556}") = "Data.Postgres", "Server\Data\Data.Postgres\Data.Postgres.csproj", "{0B2123CB-FF9F-4299-AFBB-5656F4D903EB}"
EndProject
Project("{2150E333-8FDC-42A3-9474-1A3956D46DE8}") = "Data", "Data", "{71074E93-1DD2-4088-93FE-CF3CC18D382F}"
EndProject
Project("{9A19103F-16F7-4668-BE54-9A1E7A4F7556}") = "Data.LiteDb", "Server\Data\Data.LiteDb\Data.LiteDb.csproj", "{5177949A-1F28-43E6-B0F5-1C8DFC8D2C49}"
EndProject
Project("{9A19103F-16F7-4668-BE54-9A1E7A4F7556}") = "Data.Sqlite", "Server\Data\Data.Sqlite\Data.Sqlite.csproj", "{E7238628-FA27-402E-8C96-D85E59B9EC31}"
EndProject
Project("{9A19103F-16F7-4668-BE54-9A1E7A4F7556}") = "Data.SqlServer", "Server\Data\Data.SqlServer\Data.SqlServer.csproj", "{8145005E-D491-40B5-8DE7-E70A8B044BCA}"
EndProject
Project("{9A19103F-16F7-4668-BE54-9A1E7A4F7556}") = "Data.EntityFramework", "Server\Data\Data.EntityFramework\Data.EntityFramework.csproj", "{879094C5-48EC-4FC3-83DB-70B1A50A043C}"
EndProject
Project("{2150E333-8FDC-42A3-9474-1A3956D46DE8}") = "Business", "Business", "{D9764543-FAFE-4DC5-B250-54C20E18E0EE}"
EndProject
Project("{9A19103F-16F7-4668-BE54-9A1E7A4F7556}") = "Data.Archiving", "Server\Data\Data.Archiving\Data.Archiving.csproj", "{1B7FCC82-7D49-49EE-B966-FE3578DB0F88}"
EndProject
Project("{9A19103F-16F7-4668-BE54-9A1E7A4F7556}") = "Protocol.Grpc", "Client_Server\Protocol.Grpc\Protocol.Grpc.csproj", "{03DA566B-6565-426D-AF81-4D1467698A15}"
EndProject
Project("{2150E333-8FDC-42A3-9474-1A3956D46DE8}") = "Web", "Web", "{D7DEBFFF-46F0-4802-A553-BC9BDA3766C6}"
EndProject
Project("{9A19103F-16F7-4668-BE54-9A1E7A4F7556}") = "Web.Endpoints.Grpc", "Server\Web\Web.Endpoints.Grpc\Web.Endpoints.Grpc.csproj", "{3168FA12-6208-42DF-8E55-C6938660970B}"
EndProject
Project("{9A19103F-16F7-4668-BE54-9A1E7A4F7556}") = "Business.Administration", "Server\Business\Business.Administration\Business.Administration.csproj", "{9AFFC8A8-D3E3-4BDF-958E-A7BA2C04AA01}"
EndProject
Project("{2150E333-8FDC-42A3-9474-1A3956D46DE8}") = "Testing", "Testing", "{40279757-BA90-4A71-8C55-93D56CD84EB3}"
EndProject
Project("{9A19103F-16F7-4668-BE54-9A1E7A4F7556}") = "Web.Endpoints.Api", "Server\Web\Web.Endpoints.Api\Web.Endpoints.Api.csproj", "{0100EB4D-9E74-4273-8E06-6EDECA9A448C}"
EndProject
Project("{9A19103F-16F7-4668-BE54-9A1E7A4F7556}") = "Web.Server.Asp", "Server\Web\Web.Server.Asp\Web.Server.Asp.csproj", "{597BCC4F-708D-46C5-98F7-FAD5A24F6A64}"
EndProject
Project("{9A19103F-16F7-4668-BE54-9A1E7A4F7556}") = "VisualClient.JsonProtocol", "Client\VisualClient.JsonProtocol\VisualClient.JsonProtocol.csproj", "{9FDF083D-E7C3-4184-A952-ED602D869D67}"
EndProject
Project("{9A19103F-16F7-4668-BE54-9A1E7A4F7556}") = "Data.Sqlite.Wasm", "Server\Data\Data.Sqlite.Wasm\Data.Sqlite.Wasm.csproj", "{2A5349E8-8FF6-4880-9E08-B99A0B026B08}"
EndProject
Project("{9A19103F-16F7-4668-BE54-9A1E7A4F7556}") = "MudFullWebAssembly", "Client\MudFullWebAssembly\MudFullWebAssembly.csproj", "{A618DC98-7D9F-4A23-8F4F-6E746885ED57}"
EndProject
Project("{9A19103F-16F7-4668-BE54-9A1E7A4F7556}") = "NotAMudBlazorTemplate", "Client\NotAMudBlazorTemplate\NotAMudBlazorTemplate.csproj", "{D5558FA4-9F0E-48A1-9F68-505382A5F40D}"
EndProject
Project("{9A19103F-16F7-4668-BE54-9A1E7A4F7556}") = "Protocol.Tests", "Client_Server\Protocol.Tests\Protocol.Tests.csproj", "{70268FEA-9A03-4313-97F5-52F8B45DD6FF}"
EndProject
Project("{9A19103F-16F7-4668-BE54-9A1E7A4F7556}") = "Desktop", "Client\Desktop\Desktop.csproj", "{45CB3EC5-8FFF-4FE4-9462-3490C0DCA801}"
EndProject
Project("{9A19103F-16F7-4668-BE54-9A1E7A4F7556}") = "LocalStore.LiteDb", "Client\LocalStore.LiteDb\LocalStore.LiteDb.csproj", "{3FC1DFB5-A074-458A-82B7-DCD5043D4DB5}"
EndProject
Project("{2150E333-8FDC-42A3-9474-1A3956D46DE8}") = "LocalStore", "LocalStore", "{0DFF7EDB-4625-4C2B-A6C2-627C659C10FF}"
EndProject
Project("{9A19103F-16F7-4668-BE54-9A1E7A4F7556}") = "LocalStore", "Client\LocalStore\LocalStore.csproj", "{AB4AE22A-7600-44B4-91BD-39799810B1EB}"
EndProject
Project("{9A19103F-16F7-4668-BE54-9A1E7A4F7556}") = "LocalStore.Browser", "Client\LocalStore.Browser\LocalStore.Browser.csproj", "{133CA6AF-FAB0-46E4-BBDB-EB9D5334AABB}"
EndProject
Project("{9A19103F-16F7-4668-BE54-9A1E7A4F7556}") = "LocalStore.Tests", "Client\LocalStore.Tests\LocalStore.Tests.csproj", "{C95413B7-04EC-41F3-8E91-7F7ABA8E3927}"
EndProject
Project("{9A19103F-16F7-4668-BE54-9A1E7A4F7556}") = "Business.Tests", "Server\Business\Business.Tests\Business.Tests.csproj", "{1CF2FD8B-779D-46CF-9EA3-666F4B7537F8}"
EndProject
Project("{9A19103F-16F7-4668-BE54-9A1E7A4F7556}") = "Data.Tests", "Server\Data\Data.Tests\Data.Tests.csproj", "{303C9B8A-E6FB-4CE1-97E1-40C9277E093C}"
EndProject
Project("{9A19103F-16F7-4668-BE54-9A1E7A4F7556}") = "Data.ManualActions", "Server\Data\Data.Actions\Data.ManualActions.csproj", "{776BB1A1-0C0C-424C-AC3A-8C86ECD8BB29}"
EndProject
Project("{9A19103F-16F7-4668-BE54-9A1E7A4F7556}") = "Web.Server.Primitive", "Server\Web\Web.Server.Primitive\Web.Server.Primitive.csproj", "{2FA1147E-F1C5-4D5B-8666-5F749789CF86}"
EndProject
Project("{9A19103F-16F7-4668-BE54-9A1E7A4F7556}") = "Protocol.NativeBuildTest", "Client_Server\Protocol.NativeBuildTest\Protocol.NativeBuildTest.csproj", "{C9535290-C8AE-4EFB-B5DD-CCC49C0E4BFE}"
EndProject
Project("{9A19103F-16F7-4668-BE54-9A1E7A4F7556}") = "Client.LibTesting", "Client\Client.LibTesting\Client.LibTesting.csproj", "{2C94D047-947D-4DDE-84A8-E5445A4A80C7}"
EndProject
Global
	GlobalSection(SolutionConfigurationPlatforms) = preSolution
		Debug|Any CPU = Debug|Any CPU
		Release|Any CPU = Release|Any CPU
	EndGlobalSection
	GlobalSection(ProjectConfigurationPlatforms) = postSolution
		{E7C48C5E-D2D8-4F52-B0BD-EF39750497E2}.Debug|Any CPU.ActiveCfg = Debug|Any CPU
		{E7C48C5E-D2D8-4F52-B0BD-EF39750497E2}.Debug|Any CPU.Build.0 = Debug|Any CPU
		{E7C48C5E-D2D8-4F52-B0BD-EF39750497E2}.Release|Any CPU.ActiveCfg = Release|Any CPU
		{E7C48C5E-D2D8-4F52-B0BD-EF39750497E2}.Release|Any CPU.Build.0 = Release|Any CPU
		{B32973D0-D307-4D3B-B5BB-A02F95FA426F}.Debug|Any CPU.ActiveCfg = Debug|Any CPU
		{B32973D0-D307-4D3B-B5BB-A02F95FA426F}.Debug|Any CPU.Build.0 = Debug|Any CPU
		{B32973D0-D307-4D3B-B5BB-A02F95FA426F}.Release|Any CPU.ActiveCfg = Release|Any CPU
		{B32973D0-D307-4D3B-B5BB-A02F95FA426F}.Release|Any CPU.Build.0 = Release|Any CPU
		{FCDB3835-4229-4A5E-A6BB-ED59DCAB022C}.Debug|Any CPU.ActiveCfg = Debug|Any CPU
		{FCDB3835-4229-4A5E-A6BB-ED59DCAB022C}.Debug|Any CPU.Build.0 = Debug|Any CPU
		{FCDB3835-4229-4A5E-A6BB-ED59DCAB022C}.Release|Any CPU.ActiveCfg = Release|Any CPU
		{FCDB3835-4229-4A5E-A6BB-ED59DCAB022C}.Release|Any CPU.Build.0 = Release|Any CPU
		{AEC387A0-CA73-478B-8F84-61E3D559EB4D}.Debug|Any CPU.ActiveCfg = Debug|Any CPU
		{AEC387A0-CA73-478B-8F84-61E3D559EB4D}.Debug|Any CPU.Build.0 = Debug|Any CPU
		{AEC387A0-CA73-478B-8F84-61E3D559EB4D}.Release|Any CPU.ActiveCfg = Release|Any CPU
		{AEC387A0-CA73-478B-8F84-61E3D559EB4D}.Release|Any CPU.Build.0 = Release|Any CPU
		{D2ED7B91-C5FB-4372-8A6A-118490D1F273}.Debug|Any CPU.ActiveCfg = Debug|Any CPU
		{D2ED7B91-C5FB-4372-8A6A-118490D1F273}.Debug|Any CPU.Build.0 = Debug|Any CPU
		{D2ED7B91-C5FB-4372-8A6A-118490D1F273}.Release|Any CPU.ActiveCfg = Release|Any CPU
		{D2ED7B91-C5FB-4372-8A6A-118490D1F273}.Release|Any CPU.Build.0 = Release|Any CPU
		{B1A2CA30-E3D9-4743-9584-4764C56D53F7}.Debug|Any CPU.ActiveCfg = Debug|Any CPU
		{B1A2CA30-E3D9-4743-9584-4764C56D53F7}.Debug|Any CPU.Build.0 = Debug|Any CPU
		{B1A2CA30-E3D9-4743-9584-4764C56D53F7}.Release|Any CPU.ActiveCfg = Release|Any CPU
		{B1A2CA30-E3D9-4743-9584-4764C56D53F7}.Release|Any CPU.Build.0 = Release|Any CPU
		{E3B78437-A045-4581-B440-4F32126166AC}.Debug|Any CPU.ActiveCfg = Debug|Any CPU
		{E3B78437-A045-4581-B440-4F32126166AC}.Debug|Any CPU.Build.0 = Debug|Any CPU
		{E3B78437-A045-4581-B440-4F32126166AC}.Release|Any CPU.ActiveCfg = Release|Any CPU
		{E3B78437-A045-4581-B440-4F32126166AC}.Release|Any CPU.Build.0 = Release|Any CPU
		{1C675494-A692-4CF4-BF4C-F034F19ADF5C}.Debug|Any CPU.ActiveCfg = Debug|Any CPU
		{1C675494-A692-4CF4-BF4C-F034F19ADF5C}.Debug|Any CPU.Build.0 = Debug|Any CPU
		{1C675494-A692-4CF4-BF4C-F034F19ADF5C}.Release|Any CPU.ActiveCfg = Release|Any CPU
		{1C675494-A692-4CF4-BF4C-F034F19ADF5C}.Release|Any CPU.Build.0 = Release|Any CPU
		{530BF796-85EE-4014-B459-BD8BA8BF5292}.Debug|Any CPU.ActiveCfg = Debug|Any CPU
		{530BF796-85EE-4014-B459-BD8BA8BF5292}.Debug|Any CPU.Build.0 = Debug|Any CPU
		{530BF796-85EE-4014-B459-BD8BA8BF5292}.Release|Any CPU.ActiveCfg = Release|Any CPU
		{530BF796-85EE-4014-B459-BD8BA8BF5292}.Release|Any CPU.Build.0 = Release|Any CPU
		{D294E172-B888-48BD-A247-83441A98CEBD}.Debug|Any CPU.ActiveCfg = Debug|Any CPU
		{D294E172-B888-48BD-A247-83441A98CEBD}.Debug|Any CPU.Build.0 = Debug|Any CPU
		{D294E172-B888-48BD-A247-83441A98CEBD}.Release|Any CPU.ActiveCfg = Release|Any CPU
		{D294E172-B888-48BD-A247-83441A98CEBD}.Release|Any CPU.Build.0 = Release|Any CPU
		{28C2577A-3745-47B2-9E20-A133B6BDA766}.Debug|Any CPU.ActiveCfg = Debug|Any CPU
		{28C2577A-3745-47B2-9E20-A133B6BDA766}.Debug|Any CPU.Build.0 = Debug|Any CPU
		{28C2577A-3745-47B2-9E20-A133B6BDA766}.Release|Any CPU.ActiveCfg = Release|Any CPU
		{28C2577A-3745-47B2-9E20-A133B6BDA766}.Release|Any CPU.Build.0 = Release|Any CPU
		{C6EFA49D-C1A6-4837-8FC9-2AC9B372604B}.Debug|Any CPU.ActiveCfg = Debug|Any CPU
		{C6EFA49D-C1A6-4837-8FC9-2AC9B372604B}.Debug|Any CPU.Build.0 = Debug|Any CPU
		{C6EFA49D-C1A6-4837-8FC9-2AC9B372604B}.Release|Any CPU.ActiveCfg = Release|Any CPU
		{C6EFA49D-C1A6-4837-8FC9-2AC9B372604B}.Release|Any CPU.Build.0 = Release|Any CPU
		{84BD5E82-B35C-470D-B5E9-94419280EB05}.Debug|Any CPU.ActiveCfg = Debug|Any CPU
		{84BD5E82-B35C-470D-B5E9-94419280EB05}.Debug|Any CPU.Build.0 = Debug|Any CPU
		{84BD5E82-B35C-470D-B5E9-94419280EB05}.Release|Any CPU.ActiveCfg = Release|Any CPU
		{84BD5E82-B35C-470D-B5E9-94419280EB05}.Release|Any CPU.Build.0 = Release|Any CPU
		{C78577CE-971B-4327-BD98-775023509976}.Debug|Any CPU.ActiveCfg = Debug|Any CPU
		{C78577CE-971B-4327-BD98-775023509976}.Debug|Any CPU.Build.0 = Debug|Any CPU
		{C78577CE-971B-4327-BD98-775023509976}.Release|Any CPU.ActiveCfg = Release|Any CPU
		{C78577CE-971B-4327-BD98-775023509976}.Release|Any CPU.Build.0 = Release|Any CPU
		{0B2123CB-FF9F-4299-AFBB-5656F4D903EB}.Debug|Any CPU.ActiveCfg = Debug|Any CPU
		{0B2123CB-FF9F-4299-AFBB-5656F4D903EB}.Debug|Any CPU.Build.0 = Debug|Any CPU
		{0B2123CB-FF9F-4299-AFBB-5656F4D903EB}.Release|Any CPU.ActiveCfg = Release|Any CPU
		{0B2123CB-FF9F-4299-AFBB-5656F4D903EB}.Release|Any CPU.Build.0 = Release|Any CPU
		{5177949A-1F28-43E6-B0F5-1C8DFC8D2C49}.Debug|Any CPU.ActiveCfg = Debug|Any CPU
		{5177949A-1F28-43E6-B0F5-1C8DFC8D2C49}.Debug|Any CPU.Build.0 = Debug|Any CPU
		{5177949A-1F28-43E6-B0F5-1C8DFC8D2C49}.Release|Any CPU.ActiveCfg = Release|Any CPU
		{5177949A-1F28-43E6-B0F5-1C8DFC8D2C49}.Release|Any CPU.Build.0 = Release|Any CPU
		{E7238628-FA27-402E-8C96-D85E59B9EC31}.Debug|Any CPU.ActiveCfg = Debug|Any CPU
		{E7238628-FA27-402E-8C96-D85E59B9EC31}.Debug|Any CPU.Build.0 = Debug|Any CPU
		{E7238628-FA27-402E-8C96-D85E59B9EC31}.Release|Any CPU.ActiveCfg = Release|Any CPU
		{E7238628-FA27-402E-8C96-D85E59B9EC31}.Release|Any CPU.Build.0 = Release|Any CPU
		{8145005E-D491-40B5-8DE7-E70A8B044BCA}.Debug|Any CPU.ActiveCfg = Debug|Any CPU
		{8145005E-D491-40B5-8DE7-E70A8B044BCA}.Debug|Any CPU.Build.0 = Debug|Any CPU
		{8145005E-D491-40B5-8DE7-E70A8B044BCA}.Release|Any CPU.ActiveCfg = Release|Any CPU
		{8145005E-D491-40B5-8DE7-E70A8B044BCA}.Release|Any CPU.Build.0 = Release|Any CPU
		{879094C5-48EC-4FC3-83DB-70B1A50A043C}.Debug|Any CPU.ActiveCfg = Debug|Any CPU
		{879094C5-48EC-4FC3-83DB-70B1A50A043C}.Debug|Any CPU.Build.0 = Debug|Any CPU
		{879094C5-48EC-4FC3-83DB-70B1A50A043C}.Release|Any CPU.ActiveCfg = Release|Any CPU
		{879094C5-48EC-4FC3-83DB-70B1A50A043C}.Release|Any CPU.Build.0 = Release|Any CPU
		{1B7FCC82-7D49-49EE-B966-FE3578DB0F88}.Debug|Any CPU.ActiveCfg = Debug|Any CPU
		{1B7FCC82-7D49-49EE-B966-FE3578DB0F88}.Debug|Any CPU.Build.0 = Debug|Any CPU
		{1B7FCC82-7D49-49EE-B966-FE3578DB0F88}.Release|Any CPU.ActiveCfg = Release|Any CPU
		{1B7FCC82-7D49-49EE-B966-FE3578DB0F88}.Release|Any CPU.Build.0 = Release|Any CPU
		{03DA566B-6565-426D-AF81-4D1467698A15}.Debug|Any CPU.ActiveCfg = Debug|Any CPU
		{03DA566B-6565-426D-AF81-4D1467698A15}.Debug|Any CPU.Build.0 = Debug|Any CPU
		{03DA566B-6565-426D-AF81-4D1467698A15}.Release|Any CPU.ActiveCfg = Release|Any CPU
		{03DA566B-6565-426D-AF81-4D1467698A15}.Release|Any CPU.Build.0 = Release|Any CPU
		{3168FA12-6208-42DF-8E55-C6938660970B}.Debug|Any CPU.ActiveCfg = Debug|Any CPU
		{3168FA12-6208-42DF-8E55-C6938660970B}.Debug|Any CPU.Build.0 = Debug|Any CPU
		{3168FA12-6208-42DF-8E55-C6938660970B}.Release|Any CPU.ActiveCfg = Release|Any CPU
		{3168FA12-6208-42DF-8E55-C6938660970B}.Release|Any CPU.Build.0 = Release|Any CPU
		{9AFFC8A8-D3E3-4BDF-958E-A7BA2C04AA01}.Debug|Any CPU.ActiveCfg = Debug|Any CPU
		{9AFFC8A8-D3E3-4BDF-958E-A7BA2C04AA01}.Debug|Any CPU.Build.0 = Debug|Any CPU
		{9AFFC8A8-D3E3-4BDF-958E-A7BA2C04AA01}.Release|Any CPU.ActiveCfg = Release|Any CPU
		{9AFFC8A8-D3E3-4BDF-958E-A7BA2C04AA01}.Release|Any CPU.Build.0 = Release|Any CPU
		{0100EB4D-9E74-4273-8E06-6EDECA9A448C}.Debug|Any CPU.ActiveCfg = Debug|Any CPU
		{0100EB4D-9E74-4273-8E06-6EDECA9A448C}.Debug|Any CPU.Build.0 = Debug|Any CPU
		{0100EB4D-9E74-4273-8E06-6EDECA9A448C}.Release|Any CPU.ActiveCfg = Release|Any CPU
		{0100EB4D-9E74-4273-8E06-6EDECA9A448C}.Release|Any CPU.Build.0 = Release|Any CPU
		{597BCC4F-708D-46C5-98F7-FAD5A24F6A64}.Debug|Any CPU.ActiveCfg = Debug|Any CPU
		{597BCC4F-708D-46C5-98F7-FAD5A24F6A64}.Debug|Any CPU.Build.0 = Debug|Any CPU
		{597BCC4F-708D-46C5-98F7-FAD5A24F6A64}.Release|Any CPU.ActiveCfg = Release|Any CPU
		{597BCC4F-708D-46C5-98F7-FAD5A24F6A64}.Release|Any CPU.Build.0 = Release|Any CPU
		{9FDF083D-E7C3-4184-A952-ED602D869D67}.Debug|Any CPU.ActiveCfg = Debug|Any CPU
		{9FDF083D-E7C3-4184-A952-ED602D869D67}.Debug|Any CPU.Build.0 = Debug|Any CPU
		{9FDF083D-E7C3-4184-A952-ED602D869D67}.Release|Any CPU.ActiveCfg = Release|Any CPU
		{9FDF083D-E7C3-4184-A952-ED602D869D67}.Release|Any CPU.Build.0 = Release|Any CPU
		{2A5349E8-8FF6-4880-9E08-B99A0B026B08}.Debug|Any CPU.ActiveCfg = Debug|Any CPU
		{2A5349E8-8FF6-4880-9E08-B99A0B026B08}.Debug|Any CPU.Build.0 = Debug|Any CPU
		{2A5349E8-8FF6-4880-9E08-B99A0B026B08}.Release|Any CPU.ActiveCfg = Release|Any CPU
		{2A5349E8-8FF6-4880-9E08-B99A0B026B08}.Release|Any CPU.Build.0 = Release|Any CPU
		{A618DC98-7D9F-4A23-8F4F-6E746885ED57}.Debug|Any CPU.ActiveCfg = Debug|Any CPU
		{A618DC98-7D9F-4A23-8F4F-6E746885ED57}.Debug|Any CPU.Build.0 = Debug|Any CPU
		{A618DC98-7D9F-4A23-8F4F-6E746885ED57}.Release|Any CPU.ActiveCfg = Release|Any CPU
		{A618DC98-7D9F-4A23-8F4F-6E746885ED57}.Release|Any CPU.Build.0 = Release|Any CPU
		{D5558FA4-9F0E-48A1-9F68-505382A5F40D}.Debug|Any CPU.ActiveCfg = Debug|Any CPU
		{D5558FA4-9F0E-48A1-9F68-505382A5F40D}.Debug|Any CPU.Build.0 = Debug|Any CPU
		{D5558FA4-9F0E-48A1-9F68-505382A5F40D}.Release|Any CPU.ActiveCfg = Release|Any CPU
		{D5558FA4-9F0E-48A1-9F68-505382A5F40D}.Release|Any CPU.Build.0 = Release|Any CPU
		{70268FEA-9A03-4313-97F5-52F8B45DD6FF}.Debug|Any CPU.ActiveCfg = Debug|Any CPU
		{70268FEA-9A03-4313-97F5-52F8B45DD6FF}.Debug|Any CPU.Build.0 = Debug|Any CPU
		{70268FEA-9A03-4313-97F5-52F8B45DD6FF}.Release|Any CPU.ActiveCfg = Release|Any CPU
		{70268FEA-9A03-4313-97F5-52F8B45DD6FF}.Release|Any CPU.Build.0 = Release|Any CPU
		{45CB3EC5-8FFF-4FE4-9462-3490C0DCA801}.Debug|Any CPU.ActiveCfg = Debug|Any CPU
		{45CB3EC5-8FFF-4FE4-9462-3490C0DCA801}.Debug|Any CPU.Build.0 = Debug|Any CPU
		{45CB3EC5-8FFF-4FE4-9462-3490C0DCA801}.Debug|Any CPU.Deploy.0 = Debug|Any CPU
		{45CB3EC5-8FFF-4FE4-9462-3490C0DCA801}.Release|Any CPU.ActiveCfg = Release|Any CPU
		{45CB3EC5-8FFF-4FE4-9462-3490C0DCA801}.Release|Any CPU.Build.0 = Release|Any CPU
		{45CB3EC5-8FFF-4FE4-9462-3490C0DCA801}.Release|Any CPU.Deploy.0 = Release|Any CPU
		{3FC1DFB5-A074-458A-82B7-DCD5043D4DB5}.Debug|Any CPU.ActiveCfg = Debug|Any CPU
		{3FC1DFB5-A074-458A-82B7-DCD5043D4DB5}.Debug|Any CPU.Build.0 = Debug|Any CPU
		{3FC1DFB5-A074-458A-82B7-DCD5043D4DB5}.Release|Any CPU.ActiveCfg = Release|Any CPU
		{3FC1DFB5-A074-458A-82B7-DCD5043D4DB5}.Release|Any CPU.Build.0 = Release|Any CPU
		{AB4AE22A-7600-44B4-91BD-39799810B1EB}.Debug|Any CPU.ActiveCfg = Debug|Any CPU
		{AB4AE22A-7600-44B4-91BD-39799810B1EB}.Debug|Any CPU.Build.0 = Debug|Any CPU
		{AB4AE22A-7600-44B4-91BD-39799810B1EB}.Release|Any CPU.ActiveCfg = Release|Any CPU
		{AB4AE22A-7600-44B4-91BD-39799810B1EB}.Release|Any CPU.Build.0 = Release|Any CPU
		{133CA6AF-FAB0-46E4-BBDB-EB9D5334AABB}.Debug|Any CPU.ActiveCfg = Debug|Any CPU
		{133CA6AF-FAB0-46E4-BBDB-EB9D5334AABB}.Debug|Any CPU.Build.0 = Debug|Any CPU
		{133CA6AF-FAB0-46E4-BBDB-EB9D5334AABB}.Release|Any CPU.ActiveCfg = Release|Any CPU
		{133CA6AF-FAB0-46E4-BBDB-EB9D5334AABB}.Release|Any CPU.Build.0 = Release|Any CPU
		{C95413B7-04EC-41F3-8E91-7F7ABA8E3927}.Debug|Any CPU.ActiveCfg = Debug|Any CPU
		{C95413B7-04EC-41F3-8E91-7F7ABA8E3927}.Debug|Any CPU.Build.0 = Debug|Any CPU
		{C95413B7-04EC-41F3-8E91-7F7ABA8E3927}.Release|Any CPU.ActiveCfg = Release|Any CPU
		{C95413B7-04EC-41F3-8E91-7F7ABA8E3927}.Release|Any CPU.Build.0 = Release|Any CPU
		{1CF2FD8B-779D-46CF-9EA3-666F4B7537F8}.Debug|Any CPU.ActiveCfg = Debug|Any CPU
		{1CF2FD8B-779D-46CF-9EA3-666F4B7537F8}.Debug|Any CPU.Build.0 = Debug|Any CPU
		{1CF2FD8B-779D-46CF-9EA3-666F4B7537F8}.Release|Any CPU.ActiveCfg = Release|Any CPU
		{1CF2FD8B-779D-46CF-9EA3-666F4B7537F8}.Release|Any CPU.Build.0 = Release|Any CPU
		{303C9B8A-E6FB-4CE1-97E1-40C9277E093C}.Debug|Any CPU.ActiveCfg = Debug|Any CPU
		{303C9B8A-E6FB-4CE1-97E1-40C9277E093C}.Debug|Any CPU.Build.0 = Debug|Any CPU
		{303C9B8A-E6FB-4CE1-97E1-40C9277E093C}.Release|Any CPU.ActiveCfg = Release|Any CPU
		{303C9B8A-E6FB-4CE1-97E1-40C9277E093C}.Release|Any CPU.Build.0 = Release|Any CPU
		{776BB1A1-0C0C-424C-AC3A-8C86ECD8BB29}.Debug|Any CPU.ActiveCfg = Debug|Any CPU
		{776BB1A1-0C0C-424C-AC3A-8C86ECD8BB29}.Debug|Any CPU.Build.0 = Debug|Any CPU
		{776BB1A1-0C0C-424C-AC3A-8C86ECD8BB29}.Release|Any CPU.ActiveCfg = Release|Any CPU
		{776BB1A1-0C0C-424C-AC3A-8C86ECD8BB29}.Release|Any CPU.Build.0 = Release|Any CPU
		{2FA1147E-F1C5-4D5B-8666-5F749789CF86}.Debug|Any CPU.ActiveCfg = Debug|Any CPU
		{2FA1147E-F1C5-4D5B-8666-5F749789CF86}.Debug|Any CPU.Build.0 = Debug|Any CPU
		{2FA1147E-F1C5-4D5B-8666-5F749789CF86}.Release|Any CPU.ActiveCfg = Release|Any CPU
		{2FA1147E-F1C5-4D5B-8666-5F749789CF86}.Release|Any CPU.Build.0 = Release|Any CPU
		{C9535290-C8AE-4EFB-B5DD-CCC49C0E4BFE}.Debug|Any CPU.ActiveCfg = Debug|Any CPU
		{C9535290-C8AE-4EFB-B5DD-CCC49C0E4BFE}.Debug|Any CPU.Build.0 = Debug|Any CPU
		{C9535290-C8AE-4EFB-B5DD-CCC49C0E4BFE}.Release|Any CPU.ActiveCfg = Release|Any CPU
		{C9535290-C8AE-4EFB-B5DD-CCC49C0E4BFE}.Release|Any CPU.Build.0 = Release|Any CPU
		{2C94D047-947D-4DDE-84A8-E5445A4A80C7}.Debug|Any CPU.ActiveCfg = Debug|Any CPU
		{2C94D047-947D-4DDE-84A8-E5445A4A80C7}.Debug|Any CPU.Build.0 = Debug|Any CPU
		{2C94D047-947D-4DDE-84A8-E5445A4A80C7}.Release|Any CPU.ActiveCfg = Release|Any CPU
		{2C94D047-947D-4DDE-84A8-E5445A4A80C7}.Release|Any CPU.Build.0 = Release|Any CPU
	EndGlobalSection
	GlobalSection(SolutionProperties) = preSolution
		HideSolutionNode = FALSE
	EndGlobalSection
	GlobalSection(NestedProjects) = preSolution
		{E7C48C5E-D2D8-4F52-B0BD-EF39750497E2} = {71074E93-1DD2-4088-93FE-CF3CC18D382F}
		{B32973D0-D307-4D3B-B5BB-A02F95FA426F} = {D9764543-FAFE-4DC5-B250-54C20E18E0EE}
		{FCDB3835-4229-4A5E-A6BB-ED59DCAB022C} = {EB547B54-744F-48CE-AF9C-32757C8EB203}
		{AEC387A0-CA73-478B-8F84-61E3D559EB4D} = {EB547B54-744F-48CE-AF9C-32757C8EB203}
		{D2ED7B91-C5FB-4372-8A6A-118490D1F273} = {A8E9A4B6-0939-4D05-8D39-C90956851DFA}
		{B1A2CA30-E3D9-4743-9584-4764C56D53F7} = {A8E9A4B6-0939-4D05-8D39-C90956851DFA}
		{E3B78437-A045-4581-B440-4F32126166AC} = {A8E9A4B6-0939-4D05-8D39-C90956851DFA}
		{1C675494-A692-4CF4-BF4C-F034F19ADF5C} = {9C700F9C-B44E-4C19-8457-BDE79158C624}
		{530BF796-85EE-4014-B459-BD8BA8BF5292} = {9C700F9C-B44E-4C19-8457-BDE79158C624}
		{D294E172-B888-48BD-A247-83441A98CEBD} = {9C700F9C-B44E-4C19-8457-BDE79158C624}
		{A8E9A4B6-0939-4D05-8D39-C90956851DFA} = {9C700F9C-B44E-4C19-8457-BDE79158C624}
		{28C2577A-3745-47B2-9E20-A133B6BDA766} = {9C700F9C-B44E-4C19-8457-BDE79158C624}
		{C6EFA49D-C1A6-4837-8FC9-2AC9B372604B} = {03E0C4CF-972D-4920-8F20-4DF64DEC64DC}
		{84BD5E82-B35C-470D-B5E9-94419280EB05} = {A8E9A4B6-0939-4D05-8D39-C90956851DFA}
		{C78577CE-971B-4327-BD98-775023509976} = {EB547B54-744F-48CE-AF9C-32757C8EB203}
		{0B2123CB-FF9F-4299-AFBB-5656F4D903EB} = {71074E93-1DD2-4088-93FE-CF3CC18D382F}
		{71074E93-1DD2-4088-93FE-CF3CC18D382F} = {4B973E02-745E-4CBF-91CD-1FA9610A4474}
		{5177949A-1F28-43E6-B0F5-1C8DFC8D2C49} = {71074E93-1DD2-4088-93FE-CF3CC18D382F}
		{E7238628-FA27-402E-8C96-D85E59B9EC31} = {71074E93-1DD2-4088-93FE-CF3CC18D382F}
		{8145005E-D491-40B5-8DE7-E70A8B044BCA} = {71074E93-1DD2-4088-93FE-CF3CC18D382F}
		{879094C5-48EC-4FC3-83DB-70B1A50A043C} = {71074E93-1DD2-4088-93FE-CF3CC18D382F}
		{D9764543-FAFE-4DC5-B250-54C20E18E0EE} = {4B973E02-745E-4CBF-91CD-1FA9610A4474}
		{1B7FCC82-7D49-49EE-B966-FE3578DB0F88} = {71074E93-1DD2-4088-93FE-CF3CC18D382F}
		{03DA566B-6565-426D-AF81-4D1467698A15} = {EB547B54-744F-48CE-AF9C-32757C8EB203}
		{D7DEBFFF-46F0-4802-A553-BC9BDA3766C6} = {4B973E02-745E-4CBF-91CD-1FA9610A4474}
		{3168FA12-6208-42DF-8E55-C6938660970B} = {D7DEBFFF-46F0-4802-A553-BC9BDA3766C6}
		{9AFFC8A8-D3E3-4BDF-958E-A7BA2C04AA01} = {D9764543-FAFE-4DC5-B250-54C20E18E0EE}
		{0100EB4D-9E74-4273-8E06-6EDECA9A448C} = {D7DEBFFF-46F0-4802-A553-BC9BDA3766C6}
		{597BCC4F-708D-46C5-98F7-FAD5A24F6A64} = {D7DEBFFF-46F0-4802-A553-BC9BDA3766C6}
		{9FDF083D-E7C3-4184-A952-ED602D869D67} = {40279757-BA90-4A71-8C55-93D56CD84EB3}
		{2A5349E8-8FF6-4880-9E08-B99A0B026B08} = {71074E93-1DD2-4088-93FE-CF3CC18D382F}
		{A618DC98-7D9F-4A23-8F4F-6E746885ED57} = {40279757-BA90-4A71-8C55-93D56CD84EB3}
		{D5558FA4-9F0E-48A1-9F68-505382A5F40D} = {40279757-BA90-4A71-8C55-93D56CD84EB3}
		{70268FEA-9A03-4313-97F5-52F8B45DD6FF} = {EB547B54-744F-48CE-AF9C-32757C8EB203}
		{45CB3EC5-8FFF-4FE4-9462-3490C0DCA801} = {40279757-BA90-4A71-8C55-93D56CD84EB3}
		{3FC1DFB5-A074-458A-82B7-DCD5043D4DB5} = {0DFF7EDB-4625-4C2B-A6C2-627C659C10FF}
		{0DFF7EDB-4625-4C2B-A6C2-627C659C10FF} = {9C700F9C-B44E-4C19-8457-BDE79158C624}
		{AB4AE22A-7600-44B4-91BD-39799810B1EB} = {0DFF7EDB-4625-4C2B-A6C2-627C659C10FF}
		{133CA6AF-FAB0-46E4-BBDB-EB9D5334AABB} = {0DFF7EDB-4625-4C2B-A6C2-627C659C10FF}
		{C95413B7-04EC-41F3-8E91-7F7ABA8E3927} = {0DFF7EDB-4625-4C2B-A6C2-627C659C10FF}
		{1CF2FD8B-779D-46CF-9EA3-666F4B7537F8} = {D9764543-FAFE-4DC5-B250-54C20E18E0EE}
		{303C9B8A-E6FB-4CE1-97E1-40C9277E093C} = {71074E93-1DD2-4088-93FE-CF3CC18D382F}
		{776BB1A1-0C0C-424C-AC3A-8C86ECD8BB29} = {71074E93-1DD2-4088-93FE-CF3CC18D382F}
		{2FA1147E-F1C5-4D5B-8666-5F749789CF86} = {D7DEBFFF-46F0-4802-A553-BC9BDA3766C6}
		{C9535290-C8AE-4EFB-B5DD-CCC49C0E4BFE} = {EB547B54-744F-48CE-AF9C-32757C8EB203}
		{2C94D047-947D-4DDE-84A8-E5445A4A80C7} = {9C700F9C-B44E-4C19-8457-BDE79158C624}
	EndGlobalSection
	GlobalSection(ExtensibilityGlobals) = postSolution
		SolutionGuid = {D2EBE7C4-FB10-4A83-960C-EC3B80D9A593}
	EndGlobalSection
EndGlobal
